
Microsoft Visual Studio Solution File, Format Version 12.00
# Visual Studio 15
VisualStudioVersion = 15.0.28307.902
MinimumVisualStudioVersion = 10.0.40219.1
Project("{FAE04EC0-301F-11D3-BF4B-00C04F79EFBC}") = "SocketServer", "SocketServer.csproj", "{84A00F65-27DB-4C2C-9DB1-E26664A647A3}"
EndProject
Project("{FAE04EC0-301F-11D3-BF4B-00C04F79EFBC}") = "SocketClient", "..\SocketClient\SocketClient.csproj", "{28DD7A56-613A-4730-BA9B-2F1D72656DBB}"
EndProject
Project("{FAE04EC0-301F-11D3-BF4B-00C04F79EFBC}") = "DuplexServer", "..\DuplexServer\DuplexServer.csproj", "{E67DD89D-84DA-4CA8-9278-C40D59128AB4}"
EndProject
Project("{FAE04EC0-301F-11D3-BF4B-00C04F79EFBC}") = "DuplexClient", "..\DuplexClient\DuplexClient.csproj", "{98E589D8-4633-4BCD-86C3-DBB988E03AE1}"
	ProjectSection(ProjectDependencies) = postProject
		{E67DD89D-84DA-4CA8-9278-C40D59128AB4} = {E67DD89D-84DA-4CA8-9278-C40D59128AB4}
	EndProjectSection
EndProject
Project("{FAE04EC0-301F-11D3-BF4B-00C04F79EFBC}") = "NetHttpServer", "..\NetHttpServer\NetHttpServer.csproj", "{39BC5215-1C78-49F0-80C0-CEE9D06F0B93}"
EndProject
Project("{FAE04EC0-301F-11D3-BF4B-00C04F79EFBC}") = "WebSocketServer", "..\WebSocketServer\WebSocketServer.csproj", "{E58B4828-6165-446E-8595-8AF2D06F83F3}"
EndProject
Project("{FAE04EC0-301F-11D3-BF4B-00C04F79EFBC}") = "WinFormsSocketClient", "..\WinFormsSocketClient\WinFormsSocketClient.csproj", "{817F8693-7318-419B-B849-951BDECEE553}"
EndProject
Global
	GlobalSection(SolutionConfigurationPlatforms) = preSolution
		Debug|Any CPU = Debug|Any CPU
		Release|Any CPU = Release|Any CPU
	EndGlobalSection
	GlobalSection(ProjectConfigurationPlatforms) = postSolution
		{84A00F65-27DB-4C2C-9DB1-E26664A647A3}.Debug|Any CPU.ActiveCfg = Debug|Any CPU
		{84A00F65-27DB-4C2C-9DB1-E26664A647A3}.Debug|Any CPU.Build.0 = Debug|Any CPU
		{84A00F65-27DB-4C2C-9DB1-E26664A647A3}.Release|Any CPU.ActiveCfg = Release|Any CPU
		{84A00F65-27DB-4C2C-9DB1-E26664A647A3}.Release|Any CPU.Build.0 = Release|Any CPU
		{28DD7A56-613A-4730-BA9B-2F1D72656DBB}.Debug|Any CPU.ActiveCfg = Debug|Any CPU
		{28DD7A56-613A-4730-BA9B-2F1D72656DBB}.Debug|Any CPU.Build.0 = Debug|Any CPU
		{28DD7A56-613A-4730-BA9B-2F1D72656DBB}.Release|Any CPU.ActiveCfg = Release|Any CPU
		{28DD7A56-613A-4730-BA9B-2F1D72656DBB}.Release|Any CPU.Build.0 = Release|Any CPU
		{E67DD89D-84DA-4CA8-9278-C40D59128AB4}.Debug|Any CPU.ActiveCfg = Debug|Any CPU
		{E67DD89D-84DA-4CA8-9278-C40D59128AB4}.Debug|Any CPU.Build.0 = Debug|Any CPU
		{E67DD89D-84DA-4CA8-9278-C40D59128AB4}.Release|Any CPU.ActiveCfg = Release|Any CPU
		{E67DD89D-84DA-4CA8-9278-C40D59128AB4}.Release|Any CPU.Build.0 = Release|Any CPU
		{98E589D8-4633-4BCD-86C3-DBB988E03AE1}.Debug|Any CPU.ActiveCfg = Debug|Any CPU
		{98E589D8-4633-4BCD-86C3-DBB988E03AE1}.Debug|Any CPU.Build.0 = Debug|Any CPU
		{98E589D8-4633-4BCD-86C3-DBB988E03AE1}.Release|Any CPU.ActiveCfg = Release|Any CPU
		{98E589D8-4633-4BCD-86C3-DBB988E03AE1}.Release|Any CPU.Build.0 = Release|Any CPU
		{39BC5215-1C78-49F0-80C0-CEE9D06F0B93}.Debug|Any CPU.ActiveCfg = Debug|Any CPU
		{39BC5215-1C78-49F0-80C0-CEE9D06F0B93}.Debug|Any CPU.Build.0 = Debug|Any CPU
		{39BC5215-1C78-49F0-80C0-CEE9D06F0B93}.Release|Any CPU.ActiveCfg = Release|Any CPU
		{39BC5215-1C78-49F0-80C0-CEE9D06F0B93}.Release|Any CPU.Build.0 = Release|Any CPU
		{E58B4828-6165-446E-8595-8AF2D06F83F3}.Debug|Any CPU.ActiveCfg = Debug|Any CPU
		{E58B4828-6165-446E-8595-8AF2D06F83F3}.Debug|Any CPU.Build.0 = Debug|Any CPU
		{E58B4828-6165-446E-8595-8AF2D06F83F3}.Release|Any CPU.ActiveCfg = Release|Any CPU
		{E58B4828-6165-446E-8595-8AF2D06F83F3}.Release|Any CPU.Build.0 = Release|Any CPU
		{817F8693-7318-419B-B849-951BDECEE553}.Debug|Any CPU.ActiveCfg = Debug|Any CPU
		{817F8693-7318-419B-B849-951BDECEE553}.Debug|Any CPU.Build.0 = Debug|Any CPU
		{817F8693-7318-419B-B849-951BDECEE553}.Release|Any CPU.ActiveCfg = Release|Any CPU
		{817F8693-7318-419B-B849-951BDECEE553}.Release|Any CPU.Build.0 = Release|Any CPU
	EndGlobalSection
	GlobalSection(SolutionProperties) = preSolution
		HideSolutionNode = FALSE
	EndGlobalSection
	GlobalSection(ExtensibilityGlobals) = postSolution
		SolutionGuid = {4993E035-7028-4707-9B47-BD7C99A703B3}
	EndGlobalSection
EndGlobal
