
Microsoft Visual Studio Solution File, Format Version 12.00
# Visual Studio 15
VisualStudioVersion = 15.0.28010.2048
MinimumVisualStudioVersion = 10.0.40219.1
Project("{FAE04EC0-301F-11D3-BF4B-00C04F79EFBC}") = "DersaClientService", "DersaClientService.csproj", "{13EF2B4C-5071-4F7B-964C-64EA543E2E01}"
EndProject
Project("{FAE04EC0-301F-11D3-BF4B-00C04F79EFBC}") = "RestWcfService", "RestWcfService\RestWcfService.csproj", "{93F4B170-3901-4144-9AE2-BF4A56254946}"
EndProject
Global
	GlobalSection(SolutionConfigurationPlatforms) = preSolution
		Debug|Any CPU = Debug|Any CPU
		Release|Any CPU = Release|Any CPU
	EndGlobalSection
	GlobalSection(ProjectConfigurationPlatforms) = postSolution
		{13EF2B4C-5071-4F7B-964C-64EA543E2E01}.Debug|Any CPU.ActiveCfg = Debug|Any CPU
		{13EF2B4C-5071-4F7B-964C-64EA543E2E01}.Debug|Any CPU.Build.0 = Debug|Any CPU
		{13EF2B4C-5071-4F7B-964C-64EA543E2E01}.Release|Any CPU.ActiveCfg = Release|Any CPU
		{13EF2B4C-5071-4F7B-964C-64EA543E2E01}.Release|Any CPU.Build.0 = Release|Any CPU
		{93F4B170-3901-4144-9AE2-BF4A56254946}.Debug|Any CPU.ActiveCfg = Debug|Any CPU
		{93F4B170-3901-4144-9AE2-BF4A56254946}.Debug|Any CPU.Build.0 = Debug|Any CPU
		{93F4B170-3901-4144-9AE2-BF4A56254946}.Release|Any CPU.ActiveCfg = Release|Any CPU
		{93F4B170-3901-4144-9AE2-BF4A56254946}.Release|Any CPU.Build.0 = Release|Any CPU
	EndGlobalSection
	GlobalSection(SolutionProperties) = preSolution
		HideSolutionNode = FALSE
	EndGlobalSection
	GlobalSection(ExtensibilityGlobals) = postSolution
		SolutionGuid = {DF7B66F3-6AB7-40F7-A765-D70791D89BD5}
	EndGlobalSection
EndGlobal
