
Microsoft Visual Studio Solution File, Format Version 12.00
# Visual Studio 15
VisualStudioVersion = 15.0.28307.168
MinimumVisualStudioVersion = 10.0.40219.1
Project("{FAE04EC0-301F-11D3-BF4B-00C04F79EFBC}") = "WpfTreeView", "WpfTreeView.csproj", "{6CC75946-76DD-4D6C-B86D-3999F89C903B}"
EndProject
Global
	GlobalSection(SolutionConfigurationPlatforms) = preSolution
		Debug|Any CPU = Debug|Any CPU
		Release|Any CPU = Release|Any CPU
	EndGlobalSection
	GlobalSection(ProjectConfigurationPlatforms) = postSolution
		{6CC75946-76DD-4D6C-B86D-3999F89C903B}.Debug|Any CPU.ActiveCfg = Debug|Any CPU
		{6CC75946-76DD-4D6C-B86D-3999F89C903B}.Debug|Any CPU.Build.0 = Debug|Any CPU
		{6CC75946-76DD-4D6C-B86D-3999F89C903B}.Release|Any CPU.ActiveCfg = Release|Any CPU
		{6CC75946-76DD-4D6C-B86D-3999F89C903B}.Release|Any CPU.Build.0 = Release|Any CPU
	EndGlobalSection
	GlobalSection(SolutionProperties) = preSolution
		HideSolutionNode = FALSE
	EndGlobalSection
	GlobalSection(ExtensibilityGlobals) = postSolution
		SolutionGuid = {2E7D87A6-27C7-4186-B6D9-C13A3AD6D865}
	EndGlobalSection
EndGlobal
